// !$*UTF8*$!
{
	archiveVersion = 1;
	classes = {
	};
	objectVersion = 51;
	objects = {

/* Begin PBXBuildFile section */
		218920DA1F50F1B900B03FCE /* MicroseasonsView.swift in Sources */ = {isa = PBXBuildFile; fileRef = 218920D01F50F1B900B03FCE /* MicroseasonsView.swift */; };
		218920EC1F50F1BD00B03FCE /* PreviewWindowController.swift in Sources */ = {isa = PBXBuildFile; fileRef = 218920E41F50F1BD00B03FCE /* PreviewWindowController.swift */; };
		218920ED1F50F1BD00B03FCE /* AppDelegate.swift in Sources */ = {isa = PBXBuildFile; fileRef = 218920E51F50F1BD00B03FCE /* AppDelegate.swift */; };
		218920F11F50F1D400B03FCE /* MicroseasonsView.swift in Sources */ = {isa = PBXBuildFile; fileRef = 218920D01F50F1B900B03FCE /* MicroseasonsView.swift */; };
		6334454F1F90439C00698237 /* Seasons.swift in Sources */ = {isa = PBXBuildFile; fileRef = 6334454E1F90439C00698237 /* Seasons.swift */; };
		6334455F1F90519400698237 /* SeasonsTests.swift in Sources */ = {isa = PBXBuildFile; fileRef = 6334455E1F90519400698237 /* SeasonsTests.swift */; };
		633445621F9053F000698237 /* Seasons.swift in Sources */ = {isa = PBXBuildFile; fileRef = 6334454E1F90439C00698237 /* Seasons.swift */; };
		633445631F9053F100698237 /* Seasons.swift in Sources */ = {isa = PBXBuildFile; fileRef = 6334454E1F90439C00698237 /* Seasons.swift */; };
		63F34EA622C45F64004FA185 /* libswiftCreateML.dylib in Frameworks */ = {isa = PBXBuildFile; fileRef = 63F34EA522C45F64004FA185 /* libswiftCreateML.dylib */; };
		63F34EA822C45F6D004FA185 /* ScreenSaver.framework in Frameworks */ = {isa = PBXBuildFile; fileRef = 63F34EA722C45F6D004FA185 /* ScreenSaver.framework */; };
/* End PBXBuildFile section */

/* Begin PBXContainerItemProxy section */
		633445591F90510400698237 /* PBXContainerItemProxy */ = {
			isa = PBXContainerItemProxy;
			containerPortal = 211873881F50D8F1005F7DE7 /* Project object */;
			proxyType = 1;
			remoteGlobalIDString = 211873A11F50D8FE005F7DE7;
			remoteInfo = Preview;
		};
/* End PBXContainerItemProxy section */

/* Begin PBXFileReference section */
		211873911F50D8F1005F7DE7 /* Microseasons.saver */ = {isa = PBXFileReference; explicitFileType = wrapper.cfbundle; includeInIndex = 0; path = Microseasons.saver; sourceTree = BUILT_PRODUCTS_DIR; };
		211873A21F50D8FE005F7DE7 /* Preview.app */ = {isa = PBXFileReference; explicitFileType = wrapper.application; includeInIndex = 0; path = Preview.app; sourceTree = BUILT_PRODUCTS_DIR; };
		218920D01F50F1B900B03FCE /* MicroseasonsView.swift */ = {isa = PBXFileReference; fileEncoding = 4; lastKnownFileType = sourcecode.swift; path = MicroseasonsView.swift; sourceTree = "<group>"; };
		218920D91F50F1B900B03FCE /* Info.plist */ = {isa = PBXFileReference; fileEncoding = 4; lastKnownFileType = text.plist.xml; path = Info.plist; sourceTree = "<group>"; };
		218920E41F50F1BD00B03FCE /* PreviewWindowController.swift */ = {isa = PBXFileReference; fileEncoding = 4; lastKnownFileType = sourcecode.swift; path = PreviewWindowController.swift; sourceTree = "<group>"; };
		218920E51F50F1BD00B03FCE /* AppDelegate.swift */ = {isa = PBXFileReference; fileEncoding = 4; lastKnownFileType = sourcecode.swift; path = AppDelegate.swift; sourceTree = "<group>"; };
		218920E71F50F1BD00B03FCE /* Preview.entitlements */ = {isa = PBXFileReference; fileEncoding = 4; lastKnownFileType = text.plist.entitlements; path = Preview.entitlements; sourceTree = "<group>"; };
		218920EB1F50F1BD00B03FCE /* Info.plist */ = {isa = PBXFileReference; fileEncoding = 4; lastKnownFileType = text.plist.xml; path = Info.plist; sourceTree = "<group>"; };
		218921081F519BD400B03FCE /* Microseasons.entitlements */ = {isa = PBXFileReference; fileEncoding = 4; lastKnownFileType = text.plist.entitlements; path = Microseasons.entitlements; sourceTree = "<group>"; };
		6334454E1F90439C00698237 /* Seasons.swift */ = {isa = PBXFileReference; fileEncoding = 4; lastKnownFileType = sourcecode.swift; path = Seasons.swift; sourceTree = "<group>"; };
		633445541F90510400698237 /* SeasonsTests.xctest */ = {isa = PBXFileReference; explicitFileType = wrapper.cfbundle; includeInIndex = 0; path = SeasonsTests.xctest; sourceTree = BUILT_PRODUCTS_DIR; };
		633445581F90510400698237 /* Info.plist */ = {isa = PBXFileReference; lastKnownFileType = text.plist.xml; path = Info.plist; sourceTree = "<group>"; };
		6334455E1F90519400698237 /* SeasonsTests.swift */ = {isa = PBXFileReference; fileEncoding = 4; lastKnownFileType = sourcecode.swift; path = SeasonsTests.swift; sourceTree = "<group>"; };
		63F34EA522C45F64004FA185 /* libswiftCreateML.dylib */ = {isa = PBXFileReference; lastKnownFileType = "compiled.mach-o.dylib"; name = libswiftCreateML.dylib; path = Toolchains/XcodeDefault.xctoolchain/usr/lib/swift/macosx/libswiftCreateML.dylib; sourceTree = DEVELOPER_DIR; };
		63F34EA722C45F6D004FA185 /* ScreenSaver.framework */ = {isa = PBXFileReference; lastKnownFileType = wrapper.framework; name = ScreenSaver.framework; path = System/Library/Frameworks/ScreenSaver.framework; sourceTree = SDKROOT; };
/* End PBXFileReference section */

/* Begin PBXFrameworksBuildPhase section */
		2118738D1F50D8F1005F7DE7 /* Frameworks */ = {
			isa = PBXFrameworksBuildPhase;
			buildActionMask = 2147483647;
			files = (
				63F34EA822C45F6D004FA185 /* ScreenSaver.framework in Frameworks */,
				63F34EA622C45F64004FA185 /* libswiftCreateML.dylib in Frameworks */,
			);
			runOnlyForDeploymentPostprocessing = 0;
		};
		2118739F1F50D8FE005F7DE7 /* Frameworks */ = {
			isa = PBXFrameworksBuildPhase;
			buildActionMask = 2147483647;
			files = (
			);
			runOnlyForDeploymentPostprocessing = 0;
		};
		633445511F90510400698237 /* Frameworks */ = {
			isa = PBXFrameworksBuildPhase;
			buildActionMask = 2147483647;
			files = (
			);
			runOnlyForDeploymentPostprocessing = 0;
		};
/* End PBXFrameworksBuildPhase section */

/* Begin PBXGroup section */
		211873871F50D8F1005F7DE7 = {
			isa = PBXGroup;
			children = (
				211873931F50D8F1005F7DE7 /* microseasons */,
				211873A31F50D8FE005F7DE7 /* Preview */,
				633445551F90510400698237 /* SeasonsTests */,
				211873921F50D8F1005F7DE7 /* Products */,
				63F34EA422C45F63004FA185 /* Frameworks */,
			);
			sourceTree = "<group>";
		};
		211873921F50D8F1005F7DE7 /* Products */ = {
			isa = PBXGroup;
			children = (
				211873911F50D8F1005F7DE7 /* Microseasons.saver */,
				211873A21F50D8FE005F7DE7 /* Preview.app */,
				633445541F90510400698237 /* SeasonsTests.xctest */,
			);
			name = Products;
			sourceTree = "<group>";
		};
		211873931F50D8F1005F7DE7 /* microseasons */ = {
			isa = PBXGroup;
			children = (
				218920CF1F50F1B900B03FCE /* Sources */,
				218920D81F50F1B900B03FCE /* Support */,
			);
			name = microseasons;
			path = Microseasons;
			sourceTree = "<group>";
		};
		211873A31F50D8FE005F7DE7 /* Preview */ = {
			isa = PBXGroup;
			children = (
				218920E31F50F1BD00B03FCE /* Sources */,
				218920E61F50F1BD00B03FCE /* Support */,
			);
			path = Preview;
			sourceTree = "<group>";
		};
		218920CF1F50F1B900B03FCE /* Sources */ = {
			isa = PBXGroup;
			children = (
				218920F91F50F20B00B03FCE /* Views */,
				218920FA1F50F21200B03FCE /* Models */,
			);
			path = Sources;
			sourceTree = "<group>";
		};
		218920D81F50F1B900B03FCE /* Support */ = {
			isa = PBXGroup;
			children = (
				218920D91F50F1B900B03FCE /* Info.plist */,
				218921081F519BD400B03FCE /* Microseasons.entitlements */,
			);
			path = Support;
			sourceTree = "<group>";
		};
		218920E31F50F1BD00B03FCE /* Sources */ = {
			isa = PBXGroup;
			children = (
				218920E51F50F1BD00B03FCE /* AppDelegate.swift */,
				218920E41F50F1BD00B03FCE /* PreviewWindowController.swift */,
			);
			path = Sources;
			sourceTree = "<group>";
		};
		218920E61F50F1BD00B03FCE /* Support */ = {
			isa = PBXGroup;
			children = (
				218920E71F50F1BD00B03FCE /* Preview.entitlements */,
				218920EB1F50F1BD00B03FCE /* Info.plist */,
			);
			path = Support;
			sourceTree = "<group>";
		};
		218920F91F50F20B00B03FCE /* Views */ = {
			isa = PBXGroup;
			children = (
				218920D01F50F1B900B03FCE /* MicroseasonsView.swift */,
			);
			name = Views;
			sourceTree = "<group>";
		};
		218920FA1F50F21200B03FCE /* Models */ = {
			isa = PBXGroup;
			children = (
				6334454E1F90439C00698237 /* Seasons.swift */,
			);
			name = Models;
			sourceTree = "<group>";
		};
		633445551F90510400698237 /* SeasonsTests */ = {
			isa = PBXGroup;
			children = (
				6334455E1F90519400698237 /* SeasonsTests.swift */,
				633445581F90510400698237 /* Info.plist */,
			);
			path = SeasonsTests;
			sourceTree = "<group>";
		};
		63F34EA422C45F63004FA185 /* Frameworks */ = {
			isa = PBXGroup;
			children = (
				63F34EA722C45F6D004FA185 /* ScreenSaver.framework */,
				63F34EA522C45F64004FA185 /* libswiftCreateML.dylib */,
			);
			name = Frameworks;
			sourceTree = "<group>";
		};
/* End PBXGroup section */

/* Begin PBXHeadersBuildPhase section */
		2118738E1F50D8F1005F7DE7 /* Headers */ = {
			isa = PBXHeadersBuildPhase;
			buildActionMask = 2147483647;
			files = (
			);
			runOnlyForDeploymentPostprocessing = 0;
		};
/* End PBXHeadersBuildPhase section */

/* Begin PBXNativeTarget section */
		211873901F50D8F1005F7DE7 /* Microseasons */ = {
			isa = PBXNativeTarget;
			buildConfigurationList = 2118739B1F50D8F1005F7DE7 /* Build configuration list for PBXNativeTarget "Microseasons" */;
			buildPhases = (
				2118738C1F50D8F1005F7DE7 /* Sources */,
				2118738D1F50D8F1005F7DE7 /* Frameworks */,
				2118738E1F50D8F1005F7DE7 /* Headers */,
				2118738F1F50D8F1005F7DE7 /* Resources */,
				218921071F519B6900B03FCE /* Set Version */,
			);
			buildRules = (
			);
			dependencies = (
			);
			name = Microseasons;
			productName = Microseasons;
			productReference = 211873911F50D8F1005F7DE7 /* Microseasons.saver */;
			productType = "com.apple.product-type.bundle";
		};
		211873A11F50D8FE005F7DE7 /* Preview */ = {
			isa = PBXNativeTarget;
			buildConfigurationList = 211873AE1F50D8FE005F7DE7 /* Build configuration list for PBXNativeTarget "Preview" */;
			buildPhases = (
				2118739E1F50D8FE005F7DE7 /* Sources */,
				2118739F1F50D8FE005F7DE7 /* Frameworks */,
				211873A01F50D8FE005F7DE7 /* Resources */,
			);
			buildRules = (
			);
			dependencies = (
			);
			name = Preview;
			productName = Preview;
			productReference = 211873A21F50D8FE005F7DE7 /* Preview.app */;
			productType = "com.apple.product-type.application";
		};
		633445531F90510400698237 /* SeasonsTests */ = {
			isa = PBXNativeTarget;
			buildConfigurationList = 6334455B1F90510400698237 /* Build configuration list for PBXNativeTarget "SeasonsTests" */;
			buildPhases = (
				633445501F90510400698237 /* Sources */,
				633445511F90510400698237 /* Frameworks */,
				633445521F90510400698237 /* Resources */,
			);
			buildRules = (
			);
			dependencies = (
				6334455A1F90510400698237 /* PBXTargetDependency */,
			);
			name = SeasonsTests;
			productName = SeasonsTests;
			productReference = 633445541F90510400698237 /* SeasonsTests.xctest */;
			productType = "com.apple.product-type.bundle.unit-test";
		};
/* End PBXNativeTarget section */

/* Begin PBXProject section */
		211873881F50D8F1005F7DE7 /* Project object */ = {
			isa = PBXProject;
			attributes = {
				LastSwiftUpdateCheck = 0830;
				LastUpgradeCheck = 1320;
				ORGANIZATIONNAME = "Brandon Thomas";
				TargetAttributes = {
					211873901F50D8F1005F7DE7 = {
						CreatedOnToolsVersion = 8.3.3;
						LastSwiftMigration = 1020;
						ProvisioningStyle = Automatic;
					};
					211873A11F50D8FE005F7DE7 = {
						CreatedOnToolsVersion = 8.3.3;
						DevelopmentTeam = LHDXBG4XBK;
						LastSwiftMigration = 1020;
						ProvisioningStyle = Automatic;
						SystemCapabilities = {
							com.apple.Sandbox = {
								enabled = 1;
							};
						};
					};
					633445531F90510400698237 = {
						CreatedOnToolsVersion = 8.3.3;
						DevelopmentTeam = 728TPZ87N6;
						LastSwiftMigration = 1020;
						ProvisioningStyle = Automatic;
						TestTargetID = 211873A11F50D8FE005F7DE7;
					};
				};
			};
			buildConfigurationList = 2118738B1F50D8F1005F7DE7 /* Build configuration list for PBXProject "Microseasons" */;
			compatibilityVersion = "Xcode 10.0";
			developmentRegion = en;
			hasScannedForEncodings = 0;
			knownRegions = (
				en,
				Base,
			);
			mainGroup = 211873871F50D8F1005F7DE7;
			productRefGroup = 211873921F50D8F1005F7DE7 /* Products */;
			projectDirPath = "";
			projectRoot = "";
			targets = (
				211873901F50D8F1005F7DE7 /* Microseasons */,
				211873A11F50D8FE005F7DE7 /* Preview */,
				633445531F90510400698237 /* SeasonsTests */,
			);
		};
/* End PBXProject section */

/* Begin PBXResourcesBuildPhase section */
		2118738F1F50D8F1005F7DE7 /* Resources */ = {
			isa = PBXResourcesBuildPhase;
			buildActionMask = 2147483647;
			files = (
			);
			runOnlyForDeploymentPostprocessing = 0;
		};
		211873A01F50D8FE005F7DE7 /* Resources */ = {
			isa = PBXResourcesBuildPhase;
			buildActionMask = 2147483647;
			files = (
			);
			runOnlyForDeploymentPostprocessing = 0;
		};
		633445521F90510400698237 /* Resources */ = {
			isa = PBXResourcesBuildPhase;
			buildActionMask = 2147483647;
			files = (
			);
			runOnlyForDeploymentPostprocessing = 0;
		};
/* End PBXResourcesBuildPhase section */

/* Begin PBXShellScriptBuildPhase section */
		218921071F519B6900B03FCE /* Set Version */ = {
			isa = PBXShellScriptBuildPhase;
			buildActionMask = 2147483647;
			files = (
			);
			inputPaths = (
			);
			name = "Set Version";
			outputPaths = (
			);
			runOnlyForDeploymentPostprocessing = 0;
			shellPath = "/usr/bin/env ruby";
			shellScript = "git = `sh /etc/profile; which git`.chomp\napp_build = `#{git} rev-list HEAD --count`.chomp.to_i\n`/usr/libexec/PlistBuddy -c \"Set :CFBundleVersion #{app_build}\" \"${TARGET_BUILD_DIR}/${INFOPLIST_PATH}\"`\nputs \"Updated #{ENV['TARGET_BUILD_DIR']}/#{ENV['INFOPLIST_PATH']}\"";
		};
/* End PBXShellScriptBuildPhase section */

/* Begin PBXSourcesBuildPhase section */
		2118738C1F50D8F1005F7DE7 /* Sources */ = {
			isa = PBXSourcesBuildPhase;
			buildActionMask = 2147483647;
			files = (
				6334454F1F90439C00698237 /* Seasons.swift in Sources */,
				218920DA1F50F1B900B03FCE /* MicroseasonsView.swift in Sources */,
			);
			runOnlyForDeploymentPostprocessing = 0;
		};
		2118739E1F50D8FE005F7DE7 /* Sources */ = {
			isa = PBXSourcesBuildPhase;
			buildActionMask = 2147483647;
			files = (
				218920F11F50F1D400B03FCE /* MicroseasonsView.swift in Sources */,
				218920ED1F50F1BD00B03FCE /* AppDelegate.swift in Sources */,
				633445621F9053F000698237 /* Seasons.swift in Sources */,
				218920EC1F50F1BD00B03FCE /* PreviewWindowController.swift in Sources */,
			);
			runOnlyForDeploymentPostprocessing = 0;
		};
		633445501F90510400698237 /* Sources */ = {
			isa = PBXSourcesBuildPhase;
			buildActionMask = 2147483647;
			files = (
				633445631F9053F100698237 /* Seasons.swift in Sources */,
				6334455F1F90519400698237 /* SeasonsTests.swift in Sources */,
			);
			runOnlyForDeploymentPostprocessing = 0;
		};
/* End PBXSourcesBuildPhase section */

/* Begin PBXTargetDependency section */
		6334455A1F90510400698237 /* PBXTargetDependency */ = {
			isa = PBXTargetDependency;
			target = 211873A11F50D8FE005F7DE7 /* Preview */;
			targetProxy = 633445591F90510400698237 /* PBXContainerItemProxy */;
		};
/* End PBXTargetDependency section */

/* Begin XCBuildConfiguration section */
		211873991F50D8F1005F7DE7 /* Debug */ = {
			isa = XCBuildConfiguration;
			buildSettings = {
				ALWAYS_SEARCH_USER_PATHS = NO;
				CLANG_ANALYZER_LOCALIZABILITY_NONLOCALIZED = YES;
				CLANG_ANALYZER_NONNULL = YES;
				CLANG_ANALYZER_NUMBER_OBJECT_CONVERSION = YES_AGGRESSIVE;
				CLANG_CXX_LANGUAGE_STANDARD = "gnu++0x";
				CLANG_CXX_LIBRARY = "libc++";
				CLANG_ENABLE_MODULES = YES;
				CLANG_ENABLE_OBJC_ARC = YES;
				CLANG_WARN_BLOCK_CAPTURE_AUTORELEASING = YES;
				CLANG_WARN_BOOL_CONVERSION = YES;
				CLANG_WARN_COMMA = YES;
				CLANG_WARN_CONSTANT_CONVERSION = YES;
				CLANG_WARN_DEPRECATED_OBJC_IMPLEMENTATIONS = YES;
				CLANG_WARN_DIRECT_OBJC_ISA_USAGE = YES_ERROR;
				CLANG_WARN_DOCUMENTATION_COMMENTS = YES;
				CLANG_WARN_EMPTY_BODY = YES;
				CLANG_WARN_ENUM_CONVERSION = YES;
				CLANG_WARN_INFINITE_RECURSION = YES;
				CLANG_WARN_INT_CONVERSION = YES;
				CLANG_WARN_NON_LITERAL_NULL_CONVERSION = YES;
				CLANG_WARN_OBJC_IMPLICIT_RETAIN_SELF = YES;
				CLANG_WARN_OBJC_LITERAL_CONVERSION = YES;
				CLANG_WARN_OBJC_ROOT_CLASS = YES_ERROR;
				CLANG_WARN_QUOTED_INCLUDE_IN_FRAMEWORK_HEADER = YES;
				CLANG_WARN_RANGE_LOOP_ANALYSIS = YES;
				CLANG_WARN_STRICT_PROTOTYPES = YES;
				CLANG_WARN_SUSPICIOUS_MOVE = YES;
				CLANG_WARN_UNREACHABLE_CODE = YES;
				CLANG_WARN__DUPLICATE_METHOD_MATCH = YES;
				CODE_SIGN_IDENTITY = "-";
				COPY_PHASE_STRIP = NO;
				DEBUG_INFORMATION_FORMAT = dwarf;
				ENABLE_STRICT_OBJC_MSGSEND = YES;
				ENABLE_TESTABILITY = YES;
				GCC_C_LANGUAGE_STANDARD = gnu99;
				GCC_DYNAMIC_NO_PIC = NO;
				GCC_NO_COMMON_BLOCKS = YES;
				GCC_OPTIMIZATION_LEVEL = 0;
				GCC_PREPROCESSOR_DEFINITIONS = (
					"DEBUG=1",
					"$(inherited)",
				);
				GCC_WARN_64_TO_32_BIT_CONVERSION = YES;
				GCC_WARN_ABOUT_RETURN_TYPE = YES_ERROR;
				GCC_WARN_UNDECLARED_SELECTOR = YES;
				GCC_WARN_UNINITIALIZED_AUTOS = YES_AGGRESSIVE;
				GCC_WARN_UNUSED_FUNCTION = YES;
				GCC_WARN_UNUSED_VARIABLE = YES;
				MACOSX_DEPLOYMENT_TARGET = 10.14;
				MTL_ENABLE_DEBUG_INFO = YES;
				ONLY_ACTIVE_ARCH = YES;
				SDKROOT = macosx;
				SWIFT_OPTIMIZATION_LEVEL = "-Onone";
				SWIFT_VERSION = 5.0;
			};
			name = Debug;
		};
		2118739A1F50D8F1005F7DE7 /* Release */ = {
			isa = XCBuildConfiguration;
			buildSettings = {
				ALWAYS_SEARCH_USER_PATHS = NO;
				CLANG_ANALYZER_LOCALIZABILITY_NONLOCALIZED = YES;
				CLANG_ANALYZER_NONNULL = YES;
				CLANG_ANALYZER_NUMBER_OBJECT_CONVERSION = YES_AGGRESSIVE;
				CLANG_CXX_LANGUAGE_STANDARD = "gnu++0x";
				CLANG_CXX_LIBRARY = "libc++";
				CLANG_ENABLE_MODULES = YES;
				CLANG_ENABLE_OBJC_ARC = YES;
				CLANG_WARN_BLOCK_CAPTURE_AUTORELEASING = YES;
				CLANG_WARN_BOOL_CONVERSION = YES;
				CLANG_WARN_COMMA = YES;
				CLANG_WARN_CONSTANT_CONVERSION = YES;
				CLANG_WARN_DEPRECATED_OBJC_IMPLEMENTATIONS = YES;
				CLANG_WARN_DIRECT_OBJC_ISA_USAGE = YES_ERROR;
				CLANG_WARN_DOCUMENTATION_COMMENTS = YES;
				CLANG_WARN_EMPTY_BODY = YES;
				CLANG_WARN_ENUM_CONVERSION = YES;
				CLANG_WARN_INFINITE_RECURSION = YES;
				CLANG_WARN_INT_CONVERSION = YES;
				CLANG_WARN_NON_LITERAL_NULL_CONVERSION = YES;
				CLANG_WARN_OBJC_IMPLICIT_RETAIN_SELF = YES;
				CLANG_WARN_OBJC_LITERAL_CONVERSION = YES;
				CLANG_WARN_OBJC_ROOT_CLASS = YES_ERROR;
				CLANG_WARN_QUOTED_INCLUDE_IN_FRAMEWORK_HEADER = YES;
				CLANG_WARN_RANGE_LOOP_ANALYSIS = YES;
				CLANG_WARN_STRICT_PROTOTYPES = YES;
				CLANG_WARN_SUSPICIOUS_MOVE = YES;
				CLANG_WARN_UNREACHABLE_CODE = YES;
				CLANG_WARN__DUPLICATE_METHOD_MATCH = YES;
				CODE_SIGN_IDENTITY = "-";
				COPY_PHASE_STRIP = NO;
				DEBUG_INFORMATION_FORMAT = "dwarf-with-dsym";
				ENABLE_NS_ASSERTIONS = NO;
				ENABLE_STRICT_OBJC_MSGSEND = YES;
				GCC_C_LANGUAGE_STANDARD = gnu99;
				GCC_NO_COMMON_BLOCKS = YES;
				GCC_WARN_64_TO_32_BIT_CONVERSION = YES;
				GCC_WARN_ABOUT_RETURN_TYPE = YES_ERROR;
				GCC_WARN_UNDECLARED_SELECTOR = YES;
				GCC_WARN_UNINITIALIZED_AUTOS = YES_AGGRESSIVE;
				GCC_WARN_UNUSED_FUNCTION = YES;
				GCC_WARN_UNUSED_VARIABLE = YES;
				MACOSX_DEPLOYMENT_TARGET = 10.14;
				MTL_ENABLE_DEBUG_INFO = NO;
				ONLY_ACTIVE_ARCH = YES;
				SDKROOT = macosx;
				SWIFT_COMPILATION_MODE = wholemodule;
				SWIFT_OPTIMIZATION_LEVEL = "-O";
				SWIFT_VERSION = 5.0;
			};
			name = Release;
		};
		2118739C1F50D8F1005F7DE7 /* Debug */ = {
			isa = XCBuildConfiguration;
			buildSettings = {
				ALWAYS_EMBED_SWIFT_STANDARD_LIBRARIES = YES;
				CLANG_ENABLE_MODULES = YES;
				CODE_SIGN_ENTITLEMENTS = Microseasons/Support/Microseasons.entitlements;
				CODE_SIGN_IDENTITY = "Mac Developer";
				COMBINE_HIDPI_IMAGES = YES;
				DEVELOPMENT_TEAM = 728TPZ87N6;
				INFOPLIST_FILE = "$(SRCROOT)/Microseasons/Support/Info.plist";
				INSTALL_PATH = "$(HOME)/Library/Screen Savers";
				LD_RUNPATH_SEARCH_PATHS = (
					"$(inherited)",
					"@executable_path/../Frameworks",
					"@loader_path/../Frameworks",
				);
				MACOSX_DEPLOYMENT_TARGET = 10.14;
				PRODUCT_BUNDLE_IDENTIFIER = io.brand.mac.microseasons;
				PRODUCT_MODULE_NAME = Microseasons;
				PRODUCT_NAME = "$(TARGET_NAME)";
				PROVISIONING_PROFILE_SPECIFIER = "";
				SWIFT_VERSION = 5.0;
				WRAPPER_EXTENSION = saver;
			};
			name = Debug;
		};
		2118739D1F50D8F1005F7DE7 /* Release */ = {
			isa = XCBuildConfiguration;
			buildSettings = {
				ALWAYS_EMBED_SWIFT_STANDARD_LIBRARIES = YES;
				CLANG_ENABLE_MODULES = YES;
				CODE_SIGN_ENTITLEMENTS = Microseasons/Support/Microseasons.entitlements;
				CODE_SIGN_IDENTITY = "Mac Developer";
				COMBINE_HIDPI_IMAGES = YES;
				DEVELOPMENT_TEAM = 728TPZ87N6;
				INFOPLIST_FILE = "$(SRCROOT)/Microseasons/Support/Info.plist";
				INSTALL_PATH = "$(HOME)/Library/Screen Savers";
				LD_RUNPATH_SEARCH_PATHS = (
					"$(inherited)",
					"@executable_path/../Frameworks",
					"@loader_path/../Frameworks",
				);
				MACOSX_DEPLOYMENT_TARGET = 10.14;
				PRODUCT_BUNDLE_IDENTIFIER = io.brand.mac.microseasons;
				PRODUCT_MODULE_NAME = Microseasons;
				PRODUCT_NAME = "$(TARGET_NAME)";
				PROVISIONING_PROFILE_SPECIFIER = "";
				SWIFT_VERSION = 5.0;
				WRAPPER_EXTENSION = saver;
			};
			name = Release;
		};
		211873AF1F50D8FE005F7DE7 /* Debug */ = {
			isa = XCBuildConfiguration;
			buildSettings = {
				ASSETCATALOG_COMPILER_APPICON_NAME = AppIcon;
				CODE_SIGN_ENTITLEMENTS = Preview/Support/Preview.entitlements;
				CODE_SIGN_IDENTITY = "Mac Developer";
				COMBINE_HIDPI_IMAGES = YES;
				DEVELOPMENT_TEAM = LHDXBG4XBK;
				ENABLE_HARDENED_RUNTIME = YES;
				INFOPLIST_FILE = "$(SRCROOT)/Preview/Support/Info.plist";
				LD_RUNPATH_SEARCH_PATHS = (
					"$(inherited)",
					"@executable_path/../Frameworks",
				);
				PRODUCT_BUNDLE_IDENTIFIER = "com.samsoffes.langtons-ant.preview";
				PRODUCT_NAME = "$(TARGET_NAME)";
				SWIFT_ACTIVE_COMPILATION_CONDITIONS = DEBUG;
				SWIFT_OPTIMIZATION_LEVEL = "-Onone";
				SWIFT_VERSION = 5.0;
			};
			name = Debug;
		};
		211873B01F50D8FE005F7DE7 /* Release */ = {
			isa = XCBuildConfiguration;
			buildSettings = {
				ASSETCATALOG_COMPILER_APPICON_NAME = AppIcon;
				CODE_SIGN_ENTITLEMENTS = Preview/Support/Preview.entitlements;
				CODE_SIGN_IDENTITY = "Mac Developer";
				COMBINE_HIDPI_IMAGES = YES;
				DEVELOPMENT_TEAM = LHDXBG4XBK;
				ENABLE_HARDENED_RUNTIME = YES;
				INFOPLIST_FILE = "$(SRCROOT)/Preview/Support/Info.plist";
				LD_RUNPATH_SEARCH_PATHS = (
					"$(inherited)",
					"@executable_path/../Frameworks",
				);
				PRODUCT_BUNDLE_IDENTIFIER = "com.samsoffes.langtons-ant.preview";
				PRODUCT_NAME = "$(TARGET_NAME)";
				SWIFT_COMPILATION_MODE = wholemodule;
				SWIFT_OPTIMIZATION_LEVEL = "-O";
				SWIFT_VERSION = 5.0;
			};
			name = Release;
		};
		6334455C1F90510400698237 /* Debug */ = {
			isa = XCBuildConfiguration;
			buildSettings = {
				BUNDLE_LOADER = "$(TEST_HOST)";
				CODE_SIGN_IDENTITY = "Mac Developer";
				COMBINE_HIDPI_IMAGES = YES;
				DEVELOPMENT_TEAM = 728TPZ87N6;
				INFOPLIST_FILE = SeasonsTests/Info.plist;
				LD_RUNPATH_SEARCH_PATHS = (
					"$(inherited)",
					"@executable_path/../Frameworks",
					"@loader_path/../Frameworks",
				);
				MACOSX_DEPLOYMENT_TARGET = 10.12;
				PRODUCT_BUNDLE_IDENTIFIER = bt.SeasonsTests;
				PRODUCT_NAME = "$(TARGET_NAME)";
				SWIFT_ACTIVE_COMPILATION_CONDITIONS = DEBUG;
				SWIFT_VERSION = 5.0;
				TEST_HOST = "$(BUILT_PRODUCTS_DIR)/Preview.app/Contents/MacOS/Preview";
			};
			name = Debug;
		};
		6334455D1F90510400698237 /* Release */ = {
			isa = XCBuildConfiguration;
			buildSettings = {
				BUNDLE_LOADER = "$(TEST_HOST)";
				CODE_SIGN_IDENTITY = "Mac Developer";
				COMBINE_HIDPI_IMAGES = YES;
				DEVELOPMENT_TEAM = 728TPZ87N6;
				INFOPLIST_FILE = SeasonsTests/Info.plist;
				LD_RUNPATH_SEARCH_PATHS = (
					"$(inherited)",
					"@executable_path/../Frameworks",
					"@loader_path/../Frameworks",
				);
				MACOSX_DEPLOYMENT_TARGET = 10.12;
				PRODUCT_BUNDLE_IDENTIFIER = bt.SeasonsTests;
				PRODUCT_NAME = "$(TARGET_NAME)";
				SWIFT_VERSION = 5.0;
				TEST_HOST = "$(BUILT_PRODUCTS_DIR)/Preview.app/Contents/MacOS/Preview";
			};
			name = Release;
		};
/* End XCBuildConfiguration section */

/* Begin XCConfigurationList section */
		2118738B1F50D8F1005F7DE7 /* Build configuration list for PBXProject "Microseasons" */ = {
			isa = XCConfigurationList;
			buildConfigurations = (
				211873991F50D8F1005F7DE7 /* Debug */,
				2118739A1F50D8F1005F7DE7 /* Release */,
			);
			defaultConfigurationIsVisible = 0;
			defaultConfigurationName = Debug;
		};
		2118739B1F50D8F1005F7DE7 /* Build configuration list for PBXNativeTarget "Microseasons" */ = {
			isa = XCConfigurationList;
			buildConfigurations = (
				2118739C1F50D8F1005F7DE7 /* Debug */,
				2118739D1F50D8F1005F7DE7 /* Release */,
			);
			defaultConfigurationIsVisible = 0;
			defaultConfigurationName = Debug;
		};
		211873AE1F50D8FE005F7DE7 /* Build configuration list for PBXNativeTarget "Preview" */ = {
			isa = XCConfigurationList;
			buildConfigurations = (
				211873AF1F50D8FE005F7DE7 /* Debug */,
				211873B01F50D8FE005F7DE7 /* Release */,
			);
			defaultConfigurationIsVisible = 0;
			defaultConfigurationName = Debug;
		};
		6334455B1F90510400698237 /* Build configuration list for PBXNativeTarget "SeasonsTests" */ = {
			isa = XCConfigurationList;
			buildConfigurations = (
				6334455C1F90510400698237 /* Debug */,
				6334455D1F90510400698237 /* Release */,
			);
			defaultConfigurationIsVisible = 0;
			defaultConfigurationName = Debug;
		};
/* End XCConfigurationList section */
	};
	rootObject = 211873881F50D8F1005F7DE7 /* Project object */;
}
